
Microsoft Visual Studio Solution File, Format Version 12.00
# Visual Studio Version 16
VisualStudioVersion = 16.0.29025.244
MinimumVisualStudioVersion = 10.0.40219.1
Project("{FAE04EC0-301F-11D3-BF4B-00C04F79EFBC}") = "TakimOlusturma", "TakimOlusturma\TakimOlusturma.csproj", "{48006FB1-E3FC-48D1-B7E0-ACD13E896383}"
EndProject
Global
	GlobalSection(SolutionConfigurationPlatforms) = preSolution
		Debug|Any CPU = Debug|Any CPU
		Release|Any CPU = Release|Any CPU
	EndGlobalSection
	GlobalSection(ProjectConfigurationPlatforms) = postSolution
		{48006FB1-E3FC-48D1-B7E0-ACD13E896383}.Debug|Any CPU.ActiveCfg = Debug|Any CPU
		{48006FB1-E3FC-48D1-B7E0-ACD13E896383}.Debug|Any CPU.Build.0 = Debug|Any CPU
		{48006FB1-E3FC-48D1-B7E0-ACD13E896383}.Release|Any CPU.ActiveCfg = Release|Any CPU
		{48006FB1-E3FC-48D1-B7E0-ACD13E896383}.Release|Any CPU.Build.0 = Release|Any CPU
	EndGlobalSection
	GlobalSection(SolutionProperties) = preSolution
		HideSolutionNode = FALSE
	EndGlobalSection
	GlobalSection(ExtensibilityGlobals) = postSolution
		SolutionGuid = {667F3C11-CB93-4660-9E7C-EFBF53BE22AC}
	EndGlobalSection
EndGlobal
